# This file is autogenerated, do not edit; changes may be undone by the next 'dep ensure'.


[[projects]]
  digest = "1:7cb4fdca4c251b3ef8027c90ea35f70c7b661a593b9eeae34753c65499098bb1"
  name = "github.com/cpuguy83/go-md2man"
  packages = ["md2man"]
  pruneopts = "UT"
  revision = "7762f7e404f8416dfa1d9bb6a8c192aa9acb4d19"
  version = "v1.0.10"

[[projects]]
  digest = "1:abeb38ade3f32a92943e5be54f55ed6d6e3b6602761d74b4aab4c9dd45c18abd"
  name = "github.com/fsnotify/fsnotify"
  packages = ["."]
  pruneopts = "UT"
  revision = "c2828203cd70a50dcccfb2761f8b1f8ceef9a8e9"
  version = "v1.4.7"

[[projects]]
  digest = "1:c0d19ab64b32ce9fe5cf4ddceba78d5bc9807f0016db6b1183599da3dcc24d10"
  name = "github.com/hashicorp/hcl"
  packages = [
    ".",
    "hcl/ast",
    "hcl/parser",
    "hcl/printer",
    "hcl/scanner",
    "hcl/strconv",
    "hcl/token",
    "json/parser",
    "json/scanner",
    "json/token",
  ]
  pruneopts = "UT"
  revision = "8cb6e5b959231cc1119e43259c4a608f9c51a241"
  version = "v1.0.0"

[[projects]]
  digest = "1:870d441fe217b8e689d7949fef6e43efbc787e50f200cb1e70dbca9204a1d6be"
  name = "github.com/inconshreveable/mousetrap"
  packages = ["."]
  pruneopts = "UT"
  revision = "76626ae9c91c4f2a10f34cad8ce83ea42c93bb75"
  version = "v1.0"

[[projects]]
  digest = "1:67dffdb501e68286e33dbbd8163b31583afb05c8d44ffb1afcf4a9a37a48e713"
  name = "github.com/keegancsmith/rpc"
  packages = [
    ".",
    "internal/svc",
  ]
  pruneopts = "UT"
  revision = "d0beebb75ae7d7f865736fa3bd12293d6eae778d"
  version = "v1.1.0"

[[projects]]
  digest = "1:5a0ef768465592efca0412f7e838cdc0826712f8447e70e6ccc52eb441e9ab13"
  name = "github.com/magiconair/properties"
  packages = ["."]
  pruneopts = "UT"
  revision = "de8848e004dd33dc07a2947b3d76f618a7fc7ef1"
  version = "v1.8.1"

[[projects]]
  digest = "1:891f9c13236eb1b6d1abd4fe01e6c9be51bcc65f04da0dfa4bfdf356374e98c4"
  name = "github.com/mailru/easyjson"
  packages = [
    ".",
    "buffer",
    "jlexer",
    "jwriter",
  ]
  pruneopts = "UT"
  revision = "1b2b06f5f209fea48ff5922d8bfb2b9ed5d8f00b"
  version = "v0.7.0"

[[projects]]
  branch = "master"
  digest = "1:31653465cc8a948aad53ca7ba1679bfb008b53282429f5610bb62a1f4dd558ad"
  name = "github.com/mdempsky/gocode"
  packages = [
    "internal/cache",
    "internal/gbimporter",
    "internal/lookdot",
    "internal/suggest",
  ]
  pruneopts = "UT"
  revision = "7fb65232883f19a8305706b4b4ff32916ffbcaf5"

[[projects]]
  digest = "1:5d231480e1c64a726869bc4142d270184c419749d34f167646baa21008eb0a79"
  name = "github.com/mitchellh/go-homedir"
  packages = ["."]
  pruneopts = "UT"
  revision = "af06845cf3004701891bf4fdb884bfe4920b3727"
  version = "v1.1.0"

[[projects]]
  digest = "1:53bc4cd4914cd7cd52139990d5170d6dc99067ae31c56530621b18b35fc30318"
  name = "github.com/mitchellh/mapstructure"
  packages = ["."]
  pruneopts = "UT"
  revision = "3536a929edddb9a5b34bd6861dc4a9647cb459fe"
  version = "v1.1.2"

[[projects]]
  digest = "1:cfcd381c8640b6dfd5a298ebbeb9e06a5e3059de6075522bde3a0d734eedc90f"
  name = "github.com/olivere/elastic"
  packages = [
    ".",
    "config",
    "uritemplates",
  ]
  pruneopts = "UT"
  revision = "91416a867f9a95cdf7332dd1e73264359d0d5c7e"
  version = "v6.2.23"

[[projects]]
  digest = "1:93131d8002d7025da13582877c32d1fc302486775a1b06f62241741006428c5e"
  name = "github.com/pelletier/go-toml"
  packages = ["."]
  pruneopts = "UT"
  revision = "728039f679cbcd4f6a54e080d2219a4c4928c546"
  version = "v1.4.0"

[[projects]]
  digest = "1:cf31692c14422fa27c83a05292eb5cbe0fb2775972e8f1f8446a71549bd8980b"
  name = "github.com/pkg/errors"
  packages = ["."]
  pruneopts = "UT"
  revision = "ba968bfe8b2f7e042a574c888954fccecfa385b4"
  version = "v0.8.1"

[[projects]]
  digest = "1:2ee0f15eb0fb04f918db7c2dcf39745f40d69f798ef171610a730e8a56aaa4fd"
  name = "github.com/russross/blackfriday"
  packages = ["."]
  pruneopts = "UT"
  revision = "d3b5b032dc8e8927d31a5071b56e14c89f045135"
  version = "v2.0.1"

[[projects]]
  digest = "1:9421f6e9e28ef86933e824b5caff441366f2b69bb281085b9dca40e1f27a1602"
  name = "github.com/shurcooL/sanitized_anchor_name"
  packages = ["."]
  pruneopts = "UT"
  revision = "7bfe4c7ecddb3666a94b053b422cdd8f5aaa3615"
  version = "v1.0.0"

[[projects]]
  digest = "1:bb495ec276ab82d3dd08504bbc0594a65de8c3b22c6f2aaa92d05b73fbf3a82e"
  name = "github.com/spf13/afero"
  packages = [
    ".",
    "mem",
  ]
  pruneopts = "UT"
  revision = "588a75ec4f32903aa5e39a2619ba6a4631e28424"
  version = "v1.2.2"

[[projects]]
  digest = "1:08d65904057412fc0270fc4812a1c90c594186819243160dc779a402d4b6d0bc"
  name = "github.com/spf13/cast"
  packages = ["."]
  pruneopts = "UT"
  revision = "8c9545af88b134710ab1cd196795e7f2388358d7"
  version = "v1.3.0"

[[projects]]
  digest = "1:ea5c441d18d578fe565b74d0c86cc06459192f2041e0625c4db915504be3d2f6"
  name = "github.com/spf13/cobra"
  packages = [
    ".",
    "cobra/cmd",
    "cobra/tpl",
    "doc",
  ]
  pruneopts = "UT"
  revision = "f2b07da1e2c38d5f12845a4f607e2e1018cbb1f5"
  version = "v0.0.5"

[[projects]]
  digest = "1:1b753ec16506f5864d26a28b43703c58831255059644351bbcb019b843950900"
  name = "github.com/spf13/jwalterweatherman"
  packages = ["."]
  pruneopts = "UT"
  revision = "94f6ae3ed3bceceafa716478c5fbf8d29ca601a1"
  version = "v1.1.0"

[[projects]]
  digest = "1:c1b1102241e7f645bc8e0c22ae352e8f0dc6484b6cb4d132fa9f24174e0119e2"
  name = "github.com/spf13/pflag"
  packages = ["."]
  pruneopts = "UT"
  revision = "298182f68c66c05229eb03ac171abe6e309ee79a"
  version = "v1.0.3"

[[projects]]
  digest = "1:11118bd196646c6515fea3d6c43f66162833c6ae4939bfb229b9956d91c6cf17"
  name = "github.com/spf13/viper"
  packages = ["."]
  pruneopts = "UT"
  revision = "b5bf975e5823809fb22c7644d008757f78a4259e"
  version = "v1.4.0"

[[projects]]
  branch = "master"
  digest = "1:5f23b2a77a9b5a87f094e3f267085ed0d68e9b4ebcdd6cfb359bbb37cfd92076"
  name = "github.com/sqs/goreturns"
  packages = ["returns"]
  pruneopts = "UT"
  revision = "538ac601451833c7c4449f8431d65d53c1c60e41"

[[projects]]
  branch = "master"
  digest = "1:16ded9f098f96ddc7d576067434fb401f41f2eb5fa17bb62143c8dd4ada177ac"
  name = "github.com/stamblerre/gocode"
  packages = [
    "internal/lookdot",
    "internal/suggest",
  ]
  pruneopts = "UT"
  revision = "81059208699789f992bb4a4a3fedd734e335468d"

[[projects]]
  branch = "master"
  digest = "1:7427036b6d926b3d1fa0773771820735b35554a98296f1074df440ee30a97296"
  name = "golang.org/x/net"
  packages = ["websocket"]
  pruneopts = "UT"
  revision = "a7b16738d86b947dd0fadb08ca2c2342b51958b6"

[[projects]]
  branch = "master"
  digest = "1:b521f10a2d8fa85c04a8ef4e62f2d1e14d303599a55d64dabf9f5a02f84d35eb"
  name = "golang.org/x/sync"
  packages = ["errgroup"]
  pruneopts = "UT"
  revision = "cd5d95a43a6e21273425c7ae415d3df9ea832eeb"

[[projects]]
  branch = "master"
  digest = "1:9a9d873379b3a947a4a1606caea86ce9c4aec8e5b0fae406c5785b052664eb16"
  name = "golang.org/x/sys"
  packages = ["unix"]
  pruneopts = "UT"
  revision = "7ad0cfa0b7b5a50bdf0fb49923febdf3742a975c"

[[projects]]
  digest = "1:1093f2eb4b344996604f7d8b29a16c5b22ab9e1b25652140d3fede39f640d5cd"
  name = "golang.org/x/text"
  packages = [
    "internal/gen",
    "internal/triegen",
    "internal/ucd",
    "transform",
    "unicode/cldr",
    "unicode/norm",
  ]
  pruneopts = "UT"
  revision = "342b2e1fbaa52c93f31447ad2c6abc048c63e475"
  version = "v0.3.2"

[[projects]]
  branch = "master"
  digest = "1:41a8223d4efb97c32c03dbbd95ec28ebe1afb72d315fc480f30cbcf19deb9919"
  name = "golang.org/x/tools"
  packages = [
    "cmd/guru/serial",
    "go/analysis",
    "go/analysis/analysistest",
    "go/analysis/internal/analysisflags",
    "go/analysis/internal/checker",
    "go/analysis/internal/facts",
    "go/analysis/multichecker",
    "go/analysis/passes/asmdecl",
    "go/analysis/passes/assign",
    "go/analysis/passes/atomic",
    "go/analysis/passes/atomicalign",
    "go/analysis/passes/bools",
    "go/analysis/passes/buildssa",
    "go/analysis/passes/buildtag",
    "go/analysis/passes/cgocall",
    "go/analysis/passes/composite",
    "go/analysis/passes/copylock",
    "go/analysis/passes/ctrlflow",
    "go/analysis/passes/deepequalerrors",
    "go/analysis/passes/errorsas",
    "go/analysis/passes/findcall",
    "go/analysis/passes/httpresponse",
    "go/analysis/passes/inspect",
    "go/analysis/passes/internal/analysisutil",
    "go/analysis/passes/loopclosure",
    "go/analysis/passes/lostcancel",
    "go/analysis/passes/nilfunc",
    "go/analysis/passes/nilness",
    "go/analysis/passes/pkgfact",
    "go/analysis/passes/printf",
    "go/analysis/passes/shadow",
    "go/analysis/passes/shift",
    "go/analysis/passes/stdmethods",
    "go/analysis/passes/structtag",
    "go/analysis/passes/tests",
    "go/analysis/passes/unmarshal",
    "go/analysis/passes/unreachable",
    "go/analysis/passes/unsafeptr",
    "go/analysis/passes/unusedresult",
    "go/analysis/singlechecker",
    "go/analysis/unitchecker",
    "go/ast/astutil",
    "go/ast/inspector",
    "go/buildutil",
    "go/cfg",
    "go/expect",
    "go/gccgoexportdata",
    "go/gcexportdata",
    "go/internal/cgo",
    "go/internal/gccgoimporter",
    "go/internal/gcimporter",
    "go/internal/packagesdriver",
    "go/loader",
    "go/packages",
    "go/packages/packagestest",
    "go/ssa",
    "go/types/objectpath",
    "go/types/typeutil",
    "godoc/golangorgenv",
    "godoc/static",
    "imports",
    "internal/fastwalk",
    "internal/gopathwalk",
    "internal/imports",
    "internal/jsonrpc2",
    "internal/lsp",
    "internal/lsp/browser",
    "internal/lsp/cache",
    "internal/lsp/cmd",
    "internal/lsp/debug",
    "internal/lsp/diff",
    "internal/lsp/diff/difftest",
    "internal/lsp/diff/myers",
    "internal/lsp/fuzzy",
    "internal/lsp/protocol",
    "internal/lsp/snippet",
    "internal/lsp/source",
    "internal/lsp/telemetry",
    "internal/lsp/tests",
    "internal/memoize",
    "internal/module",
    "internal/semver",
    "internal/span",
    "internal/telemetry",
    "internal/telemetry/export",
    "internal/telemetry/export/ocagent",
    "internal/telemetry/export/ocagent/wire",
    "internal/telemetry/export/prometheus",
    "internal/telemetry/log",
    "internal/telemetry/metric",
    "internal/telemetry/stats",
    "internal/telemetry/tag",
    "internal/telemetry/trace",
    "internal/telemetry/unit",
    "internal/testenv",
    "internal/tool",
    "internal/txtar",
    "internal/xcontext",
    "playground",
    "playground/socket",
    "present",
    "refactor/importgraph",
    "refactor/rename",
    "refactor/satisfy",
  ]
  pruneopts = "UT"
  revision = "6bfd74cf029c99138aa1bb5b7e0d6b57c9d4eb49"

[[projects]]
  branch = "master"
  digest = "1:7b5ce208ea2ca1f96322e6a5b616839fe49ea798648a013039f300475a1aadfc"
  name = "golang.org/x/xerrors"
  packages = [
    ".",
    "internal",
  ]
  pruneopts = "UT"
  revision = "a985d3407aa71f30cf86696ee0a2f409709f22e1"

[[projects]]
  digest = "1:4d2e5a73dc1500038e504a8d78b986630e3626dc027bc030ba5c75da257cdb96"
  name = "gopkg.in/yaml.v2"
  packages = ["."]
  pruneopts = "UT"
  revision = "51d6538a90f86fe93ac480b35f37b2be17fef232"
  version = "v2.2.2"

[solve-meta]
  analyzer-name = "dep"
  analyzer-version = 1
  input-imports = [
    "github.com/cpuguy83/go-md2man/md2man",
    "github.com/inconshreveable/mousetrap",
    "github.com/keegancsmith/rpc",
    "github.com/keegancsmith/rpc/internal/svc",
    "github.com/mdempsky/gocode/internal/cache",
    "github.com/mdempsky/gocode/internal/gbimporter",
    "github.com/mdempsky/gocode/internal/lookdot",
    "github.com/mdempsky/gocode/internal/suggest",
    "github.com/mitchellh/go-homedir",
    "github.com/olivere/elastic",
    "github.com/spf13/cobra",
    "github.com/spf13/cobra/cobra/cmd",
    "github.com/spf13/cobra/cobra/tpl",
    "github.com/spf13/cobra/doc",
    "github.com/spf13/pflag",
    "github.com/spf13/viper",
    "github.com/sqs/goreturns/returns",
    "github.com/stamblerre/gocode/internal/lookdot",
    "github.com/stamblerre/gocode/internal/suggest",
    "golang.org/x/sync/errgroup",
    "golang.org/x/tools/cmd/guru/serial",
    "golang.org/x/tools/go/analysis",
    "golang.org/x/tools/go/analysis/analysistest",
    "golang.org/x/tools/go/analysis/internal/analysisflags",
    "golang.org/x/tools/go/analysis/internal/checker",
    "golang.org/x/tools/go/analysis/internal/facts",
    "golang.org/x/tools/go/analysis/multichecker",
    "golang.org/x/tools/go/analysis/passes/asmdecl",
    "golang.org/x/tools/go/analysis/passes/assign",
    "golang.org/x/tools/go/analysis/passes/atomic",
    "golang.org/x/tools/go/analysis/passes/atomicalign",
    "golang.org/x/tools/go/analysis/passes/bools",
    "golang.org/x/tools/go/analysis/passes/buildssa",
    "golang.org/x/tools/go/analysis/passes/buildtag",
    "golang.org/x/tools/go/analysis/passes/cgocall",
    "golang.org/x/tools/go/analysis/passes/composite",
    "golang.org/x/tools/go/analysis/passes/copylock",
    "golang.org/x/tools/go/analysis/passes/ctrlflow",
    "golang.org/x/tools/go/analysis/passes/deepequalerrors",
    "golang.org/x/tools/go/analysis/passes/errorsas",
    "golang.org/x/tools/go/analysis/passes/findcall",
    "golang.org/x/tools/go/analysis/passes/httpresponse",
    "golang.org/x/tools/go/analysis/passes/inspect",
    "golang.org/x/tools/go/analysis/passes/internal/analysisutil",
    "golang.org/x/tools/go/analysis/passes/loopclosure",
    "golang.org/x/tools/go/analysis/passes/lostcancel",
    "golang.org/x/tools/go/analysis/passes/nilfunc",
    "golang.org/x/tools/go/analysis/passes/nilness",
    "golang.org/x/tools/go/analysis/passes/pkgfact",
    "golang.org/x/tools/go/analysis/passes/printf",
    "golang.org/x/tools/go/analysis/passes/shadow",
    "golang.org/x/tools/go/analysis/passes/shift",
    "golang.org/x/tools/go/analysis/passes/stdmethods",
    "golang.org/x/tools/go/analysis/passes/structtag",
    "golang.org/x/tools/go/analysis/passes/tests",
    "golang.org/x/tools/go/analysis/passes/unmarshal",
    "golang.org/x/tools/go/analysis/passes/unreachable",
    "golang.org/x/tools/go/analysis/passes/unsafeptr",
    "golang.org/x/tools/go/analysis/passes/unusedresult",
    "golang.org/x/tools/go/analysis/singlechecker",
    "golang.org/x/tools/go/analysis/unitchecker",
    "golang.org/x/tools/go/ast/astutil",
    "golang.org/x/tools/go/ast/inspector",
    "golang.org/x/tools/go/buildutil",
    "golang.org/x/tools/go/cfg",
    "golang.org/x/tools/go/expect",
    "golang.org/x/tools/go/gccgoexportdata",
    "golang.org/x/tools/go/gcexportdata",
    "golang.org/x/tools/go/internal/cgo",
    "golang.org/x/tools/go/internal/gccgoimporter",
    "golang.org/x/tools/go/loader",
    "golang.org/x/tools/go/packages",
    "golang.org/x/tools/go/packages/packagestest",
    "golang.org/x/tools/go/ssa",
    "golang.org/x/tools/go/types/objectpath",
    "golang.org/x/tools/go/types/typeutil",
    "golang.org/x/tools/godoc/static",
    "golang.org/x/tools/imports",
    "golang.org/x/tools/internal/fastwalk",
    "golang.org/x/tools/internal/gopathwalk",
    "golang.org/x/tools/internal/imports",
    "golang.org/x/tools/internal/jsonrpc2",
    "golang.org/x/tools/internal/lsp",
    "golang.org/x/tools/internal/lsp/browser",
    "golang.org/x/tools/internal/lsp/cache",
    "golang.org/x/tools/internal/lsp/cmd",
    "golang.org/x/tools/internal/lsp/debug",
    "golang.org/x/tools/internal/lsp/diff",
    "golang.org/x/tools/internal/lsp/diff/difftest",
    "golang.org/x/tools/internal/lsp/diff/myers",
    "golang.org/x/tools/internal/lsp/fuzzy",
    "golang.org/x/tools/internal/lsp/protocol",
    "golang.org/x/tools/internal/lsp/snippet",
    "golang.org/x/tools/internal/lsp/source",
    "golang.org/x/tools/internal/lsp/telemetry",
    "golang.org/x/tools/internal/lsp/tests",
    "golang.org/x/tools/internal/memoize",
    "golang.org/x/tools/internal/module",
    "golang.org/x/tools/internal/semver",
    "golang.org/x/tools/internal/span",
    "golang.org/x/tools/internal/telemetry",
    "golang.org/x/tools/internal/telemetry/export",
    "golang.org/x/tools/internal/telemetry/export/ocagent",
    "golang.org/x/tools/internal/telemetry/export/ocagent/wire",
    "golang.org/x/tools/internal/telemetry/export/prometheus",
    "golang.org/x/tools/internal/telemetry/log",
    "golang.org/x/tools/internal/telemetry/metric",
    "golang.org/x/tools/internal/telemetry/stats",
    "golang.org/x/tools/internal/telemetry/tag",
    "golang.org/x/tools/internal/telemetry/trace",
    "golang.org/x/tools/internal/telemetry/unit",
    "golang.org/x/tools/internal/testenv",
    "golang.org/x/tools/internal/tool",
    "golang.org/x/tools/internal/txtar",
    "golang.org/x/tools/internal/xcontext",
    "golang.org/x/tools/playground",
    "golang.org/x/tools/playground/socket",
    "golang.org/x/tools/present",
    "golang.org/x/tools/refactor/rename",
    "golang.org/x/tools/refactor/satisfy",
    "golang.org/x/xerrors",
    "gopkg.in/yaml.v2",
  ]
  solver-name = "gps-cdcl"
  solver-version = 1
